
Microsoft Visual Studio Solution File, Format Version 12.00
# Visual Studio Version 16
VisualStudioVersion = 16.0.31321.278
MinimumVisualStudioVersion = 10.0.40219.1
Project("{9A19103F-16F7-4668-BE54-9A1E7A4F7556}") = "NELCCG.NHSUKFrontend.MvcApp", "NELCCG.NHSUKFrontend.MvcApp\NELCCG.NHSUKFrontend.MvcApp.csproj", "{01757DEA-4BFE-4DEA-B958-33104F3716BD}"
EndProject
Project("{9A19103F-16F7-4668-BE54-9A1E7A4F7556}") = "NELCCG.NHSUKFrontend.Razor", "NELCCG.NHSUKFrontend.Razor\NELCCG.NHSUKFrontend.Razor.csproj", "{AD2695E0-8738-4E89-8336-881845ABD1DD}"
EndProject
Project("{2150E333-8FDC-42A3-9474-1A3956D46DE8}") = "Solution Items", "Solution Items", "{D12C8525-AB04-4D72-BC17-2585E4C8CA6B}"
	ProjectSection(SolutionItems) = preProject
		.editorconfig = .editorconfig
		README.MD = README.MD
	EndProjectSection
EndProject
Global
	GlobalSection(SolutionConfigurationPlatforms) = preSolution
		Debug|Any CPU = Debug|Any CPU
		Release|Any CPU = Release|Any CPU
	EndGlobalSection
	GlobalSection(ProjectConfigurationPlatforms) = postSolution
		{01757DEA-4BFE-4DEA-B958-33104F3716BD}.Debug|Any CPU.ActiveCfg = Debug|Any CPU
		{01757DEA-4BFE-4DEA-B958-33104F3716BD}.Debug|Any CPU.Build.0 = Debug|Any CPU
		{01757DEA-4BFE-4DEA-B958-33104F3716BD}.Release|Any CPU.ActiveCfg = Release|Any CPU
		{01757DEA-4BFE-4DEA-B958-33104F3716BD}.Release|Any CPU.Build.0 = Release|Any CPU
		{AD2695E0-8738-4E89-8336-881845ABD1DD}.Debug|Any CPU.ActiveCfg = Debug|Any CPU
		{AD2695E0-8738-4E89-8336-881845ABD1DD}.Debug|Any CPU.Build.0 = Debug|Any CPU
		{AD2695E0-8738-4E89-8336-881845ABD1DD}.Release|Any CPU.ActiveCfg = Release|Any CPU
		{AD2695E0-8738-4E89-8336-881845ABD1DD}.Release|Any CPU.Build.0 = Release|Any CPU
	EndGlobalSection
	GlobalSection(SolutionProperties) = preSolution
		HideSolutionNode = FALSE
	EndGlobalSection
	GlobalSection(ExtensibilityGlobals) = postSolution
		SolutionGuid = {9D1E0DBB-314E-40FE-8D55-4771AE70A17C}
	EndGlobalSection
EndGlobal
